# THIS IS AN AUTOGENERATED FILE. DO NOT EDIT THIS FILE DIRECTLY.
# yarn lockfile v1


"@next/env@13.1.2":
  version "13.1.2"
  resolved "https://registry.npmjs.org/@next/env/-/env-13.1.2.tgz"

"@next/font@13.1.2":
  version "13.1.2"
  resolved "https://registry.npmjs.org/@next/font/-/font-13.1.2.tgz"

"@next/swc-android-arm-eabi@13.1.2":
  version "13.1.2"
  resolved "https://registry.yarnpkg.com/@next/swc-android-arm-eabi/-/swc-android-arm-eabi-13.1.2.tgz#eacc7757b480a8150c1aea748bf7892a4fc62f64"

"@next/swc-android-arm64@13.1.2":
  version "13.1.2"
  resolved "https://registry.yarnpkg.com/@next/swc-android-arm64/-/swc-android-arm64-13.1.2.tgz#f3d41339b4f15852a589fe11820408572a512a27"

"@next/swc-darwin-arm64@13.1.2":
  version "13.1.2"
  resolved "https://registry.yarnpkg.com/@next/swc-darwin-arm64/-/swc-darwin-arm64-13.1.2.tgz#1a20a2262aa7a250517c9a7f2efd6ac6273f8c63"

"@next/swc-darwin-x64@13.1.2":
  version "13.1.2"
  resolved "https://registry.npmjs.org/@next/swc-darwin-x64/-/swc-darwin-x64-13.1.2.tgz"

"@next/swc-freebsd-x64@13.1.2":
  version "13.1.2"
  resolved "https://registry.yarnpkg.com/@next/swc-freebsd-x64/-/swc-freebsd-x64-13.1.2.tgz#9589f7f2bebfa43a744c9e41654e743b38a318b1"

"@next/swc-linux-arm-gnueabihf@13.1.2":
  version "13.1.2"
  resolved "https://registry.yarnpkg.com/@next/swc-linux-arm-gnueabihf/-/swc-linux-arm-gnueabihf-13.1.2.tgz#8935b0c8f232e36c3d88cd1e1023afa8d51f7260"

"@next/swc-linux-arm64-gnu@13.1.2":
  version "13.1.2"
  resolved "https://registry.yarnpkg.com/@next/swc-linux-arm64-gnu/-/swc-linux-arm64-gnu-13.1.2.tgz#3482f72e580cdfc4bbec2e55dd55d5a9bdf7038b"

"@next/swc-linux-arm64-musl@13.1.2":
  version "13.1.2"
  resolved "https://registry.yarnpkg.com/@next/swc-linux-arm64-musl/-/swc-linux-arm64-musl-13.1.2.tgz#3b7ca70fd813c77f618ee34a150b977cc15af9a3"

"@next/swc-linux-x64-gnu@13.1.2":
  version "13.1.2"
  resolved "https://registry.yarnpkg.com/@next/swc-linux-x64-gnu/-/swc-linux-x64-gnu-13.1.2.tgz#51a7a889e88eb87a5ce9658842f9e8422e037ead"

"@next/swc-linux-x64-musl@13.1.2":
  version "13.1.2"
  resolved "https://registry.yarnpkg.com/@next/swc-linux-x64-musl/-/swc-linux-x64-musl-13.1.2.tgz#4c0dd08a6f8a7e4881c3551de29259b3cfe86e27"

"@next/swc-win32-arm64-msvc@13.1.2":
  version "13.1.2"
  resolved "https://registry.yarnpkg.com/@next/swc-win32-arm64-msvc/-/swc-win32-arm64-msvc-13.1.2.tgz#589fcce82f9f7224d2399d8d7bcba9097bb50dad"

"@next/swc-win32-ia32-msvc@13.1.2":
  version "13.1.2"
  resolved "https://registry.yarnpkg.com/@next/swc-win32-ia32-msvc/-/swc-win32-ia32-msvc-13.1.2.tgz#9be05202730530631b51d7753d447dfe86095c9f"

"@next/swc-win32-x64-msvc@13.1.2":
  version "13.1.2"
  resolved "https://registry.yarnpkg.com/@next/swc-win32-x64-msvc/-/swc-win32-x64-msvc-13.1.2.tgz#c7e75033e8b8f497768c7b462ac642830141bb00"

"@swc/helpers@0.4.14":
  version "0.4.14"
  resolved "https://registry.npmjs.org/@swc/helpers/-/helpers-0.4.14.tgz"
  dependencies:
    tslib "^2.4.0"

anymatch@~3.1.2:
  version "3.1.3"
  resolved "https://registry.npmjs.org/anymatch/-/anymatch-3.1.3.tgz"
  dependencies:
    normalize-path "^3.0.0"
    picomatch "^2.0.4"

asynckit@^0.4.0:
  version "0.4.0"
  resolved "https://registry.yarnpkg.com/asynckit/-/asynckit-0.4.0.tgz#c79ed97f7f34cb8f2ba1bc9790bcc366474b4b79"

avsdf-base@^1.0.0:
  version "1.0.0"
  resolved "https://registry.npmjs.org/avsdf-base/-/avsdf-base-1.0.0.tgz"
  dependencies:
    layout-base "^1.0.0"

axios@^1.6.0:
  version "1.6.0"
  resolved "https://registry.yarnpkg.com/axios/-/axios-1.6.0.tgz#f1e5292f26b2fd5c2e66876adc5b06cdbd7d2102"
  dependencies:
    follow-redirects "^1.15.0"
    form-data "^4.0.0"
    proxy-from-env "^1.1.0"

binary-extensions@^2.0.0:
  version "2.2.0"
  resolved "https://registry.npmjs.org/binary-extensions/-/binary-extensions-2.2.0.tgz"

braces@~3.0.2:
  version "3.0.2"
  resolved "https://registry.npmjs.org/braces/-/braces-3.0.2.tgz"
  dependencies:
    fill-range "^7.0.1"

caniuse-lite@^1.0.30001406:
  version "1.0.30001445"
  resolved "https://registry.npmjs.org/caniuse-lite/-/caniuse-lite-1.0.30001445.tgz"

"chokidar@>=3.0.0 <4.0.0":
  version "3.5.3"
  resolved "https://registry.npmjs.org/chokidar/-/chokidar-3.5.3.tgz"
  dependencies:
    anymatch "~3.1.2"
    braces "~3.0.2"
    glob-parent "~5.1.2"
    is-binary-path "~2.1.0"
    is-glob "~4.0.1"
    normalize-path "~3.0.0"
    readdirp "~3.6.0"
  optionalDependencies:
    fsevents "~2.3.2"

client-only@0.0.1:
  version "0.0.1"
  resolved "https://registry.npmjs.org/client-only/-/client-only-0.0.1.tgz"

combined-stream@^1.0.8:
  version "1.0.8"
  resolved "https://registry.yarnpkg.com/combined-stream/-/combined-stream-1.0.8.tgz#c3d45a8b34fd730631a110a8a2520682b31d5a7f"
  dependencies:
    delayed-stream "~1.0.0"

cose-base@^1.0.0:
  version "1.0.3"
  resolved "https://registry.npmjs.org/cose-base/-/cose-base-1.0.3.tgz"
  dependencies:
    layout-base "^1.0.0"

cytoscape-avsdf@^1.0.0:
  version "1.0.0"
  resolved "https://registry.npmjs.org/cytoscape-avsdf/-/cytoscape-avsdf-1.0.0.tgz"
  dependencies:
    avsdf-base "^1.0.0"

cytoscape-cise@^1.0.0:
  version "1.0.0"
  resolved "https://registry.npmjs.org/cytoscape-cise/-/cytoscape-cise-1.0.0.tgz"
  dependencies:
    avsdf-base "^1.0.0"
    cose-base "^1.0.0"

cytoscape-cola@^2.5.1:
  version "2.5.1"
  resolved "https://registry.npmjs.org/cytoscape-cola/-/cytoscape-cola-2.5.1.tgz"
  dependencies:
    webcola "^3.4.0"

cytoscape-context-menus@^4.1.0:
  version "4.1.0"
  resolved "https://registry.npmjs.org/cytoscape-context-menus/-/cytoscape-context-menus-4.1.0.tgz"

cytoscape-cose-bilkent@^4.1.0:
  version "4.1.0"
  resolved "https://registry.npmjs.org/cytoscape-cose-bilkent/-/cytoscape-cose-bilkent-4.1.0.tgz"
  dependencies:
    cose-base "^1.0.0"

cytoscape-dagre@^2.4.0:
  version "2.5.0"
  resolved "https://registry.npmjs.org/cytoscape-dagre/-/cytoscape-dagre-2.5.0.tgz"
  dependencies:
    dagre "^0.8.5"

cytoscape-expand-collapse@^4.1.0:
  version "4.1.0"
  resolved "https://registry.npmjs.org/cytoscape-expand-collapse/-/cytoscape-expand-collapse-4.1.0.tgz"

cytoscape-navigator@^2.0.2:
  version "2.0.2"
  resolved "https://registry.npmjs.org/cytoscape-navigator/-/cytoscape-navigator-2.0.2.tgz"

cytoscape-node-html-label@^1.2.2:
  version "1.2.2"
  resolved "https://registry.npmjs.org/cytoscape-node-html-label/-/cytoscape-node-html-label-1.2.2.tgz"

cytoscape-spread@^3.0.0:
  version "3.0.0"
  resolved "https://registry.npmjs.org/cytoscape-spread/-/cytoscape-spread-3.0.0.tgz"
  dependencies:
    weaverjs "^1.2.0"

cytoscape@^3.23.0:
  version "3.23.0"
  resolved "https://registry.npmjs.org/cytoscape/-/cytoscape-3.23.0.tgz"
  dependencies:
    heap "^0.2.6"
    lodash "^4.17.21"

d3-dispatch@1, d3-dispatch@^1.0.3:
  version "1.0.6"
  resolved "https://registry.npmjs.org/d3-dispatch/-/d3-dispatch-1.0.6.tgz"

d3-drag@^1.0.4:
  version "1.2.5"
  resolved "https://registry.npmjs.org/d3-drag/-/d3-drag-1.2.5.tgz"
  dependencies:
    d3-dispatch "1"
    d3-selection "1"

d3-path@1:
  version "1.0.9"
  resolved "https://registry.npmjs.org/d3-path/-/d3-path-1.0.9.tgz"

d3-selection@1:
  version "1.4.2"
  resolved "https://registry.npmjs.org/d3-selection/-/d3-selection-1.4.2.tgz"

d3-shape@^1.3.5:
  version "1.3.7"
  resolved "https://registry.npmjs.org/d3-shape/-/d3-shape-1.3.7.tgz"
  dependencies:
    d3-path "1"

d3-timer@^1.0.5:
  version "1.0.10"
  resolved "https://registry.npmjs.org/d3-timer/-/d3-timer-1.0.10.tgz"

dagre@^0.8.5:
  version "0.8.5"
  resolved "https://registry.npmjs.org/dagre/-/dagre-0.8.5.tgz"
  dependencies:
    graphlib "^2.1.8"
    lodash "^4.17.15"

delayed-stream@~1.0.0:
  version "1.0.0"
  resolved "https://registry.yarnpkg.com/delayed-stream/-/delayed-stream-1.0.0.tgz#df3ae199acadfb7d440aaae0b29e2272b24ec619"

fill-range@^7.0.1:
  version "7.0.1"
  resolved "https://registry.npmjs.org/fill-range/-/fill-range-7.0.1.tgz"
  dependencies:
    to-regex-range "^5.0.1"

follow-redirects@^1.15.0:
  version "1.15.3"
  resolved "https://registry.yarnpkg.com/follow-redirects/-/follow-redirects-1.15.3.tgz#fe2f3ef2690afce7e82ed0b44db08165b207123a"

form-data@^4.0.0:
  version "4.0.0"
  resolved "https://registry.yarnpkg.com/form-data/-/form-data-4.0.0.tgz#93919daeaf361ee529584b9b31664dc12c9fa452"
  dependencies:
    asynckit "^0.4.0"
    combined-stream "^1.0.8"
    mime-types "^2.1.12"

fsevents@~2.3.2:
  version "2.3.2"
  resolved "https://registry.npmjs.org/fsevents/-/fsevents-2.3.2.tgz"

glob-parent@~5.1.2:
  version "5.1.2"
  resolved "https://registry.npmjs.org/glob-parent/-/glob-parent-5.1.2.tgz"
  dependencies:
    is-glob "^4.0.1"

graphlib@^2.1.8:
  version "2.1.8"
  resolved "https://registry.npmjs.org/graphlib/-/graphlib-2.1.8.tgz"
  dependencies:
    lodash "^4.17.15"

heap@^0.2.6:
  version "0.2.7"
  resolved "https://registry.npmjs.org/heap/-/heap-0.2.7.tgz"

immutable@^4.0.0:
  version "4.2.2"
  resolved "https://registry.npmjs.org/immutable/-/immutable-4.2.2.tgz"

is-binary-path@~2.1.0:
  version "2.1.0"
  resolved "https://registry.npmjs.org/is-binary-path/-/is-binary-path-2.1.0.tgz"
  dependencies:
    binary-extensions "^2.0.0"

is-extglob@^2.1.1:
  version "2.1.1"
  resolved "https://registry.npmjs.org/is-extglob/-/is-extglob-2.1.1.tgz"

is-glob@^4.0.1, is-glob@~4.0.1:
  version "4.0.3"
  resolved "https://registry.npmjs.org/is-glob/-/is-glob-4.0.3.tgz"
  dependencies:
    is-extglob "^2.1.1"

is-number@^7.0.0:
  version "7.0.0"
  resolved "https://registry.npmjs.org/is-number/-/is-number-7.0.0.tgz"

"js-tokens@^3.0.0 || ^4.0.0":
  version "4.0.0"
  resolved "https://registry.npmjs.org/js-tokens/-/js-tokens-4.0.0.tgz"

layout-base@^1.0.0:
  version "1.0.2"
  resolved "https://registry.npmjs.org/layout-base/-/layout-base-1.0.2.tgz"

lodash@^4.17.15, lodash@^4.17.21:
  version "4.17.21"
  resolved "https://registry.npmjs.org/lodash/-/lodash-4.17.21.tgz"

loose-envify@^1.1.0:
  version "1.4.0"
  resolved "https://registry.npmjs.org/loose-envify/-/loose-envify-1.4.0.tgz"
  dependencies:
    js-tokens "^3.0.0 || ^4.0.0"

mime-db@1.52.0:
  version "1.52.0"
  resolved "https://registry.yarnpkg.com/mime-db/-/mime-db-1.52.0.tgz#bbabcdc02859f4987301c856e3387ce5ec43bf70"

mime-types@^2.1.12:
  version "2.1.35"
  resolved "https://registry.yarnpkg.com/mime-types/-/mime-types-2.1.35.tgz#381a871b62a734450660ae3deee44813f70d959a"
  dependencies:
    mime-db "1.52.0"

nanoid@^3.3.4:
  version "3.3.4"
  resolved "https://registry.npmjs.org/nanoid/-/nanoid-3.3.4.tgz"

next@13.1.2:
  version "13.1.2"
  resolved "https://registry.npmjs.org/next/-/next-13.1.2.tgz"
  dependencies:
    "@next/env" "13.1.2"
    "@swc/helpers" "0.4.14"
    caniuse-lite "^1.0.30001406"
    postcss "8.4.14"
    styled-jsx "5.1.1"
  optionalDependencies:
    "@next/swc-android-arm-eabi" "13.1.2"
    "@next/swc-android-arm64" "13.1.2"
    "@next/swc-darwin-arm64" "13.1.2"
    "@next/swc-darwin-x64" "13.1.2"
    "@next/swc-freebsd-x64" "13.1.2"
    "@next/swc-linux-arm-gnueabihf" "13.1.2"
    "@next/swc-linux-arm64-gnu" "13.1.2"
    "@next/swc-linux-arm64-musl" "13.1.2"
    "@next/swc-linux-x64-gnu" "13.1.2"
    "@next/swc-linux-x64-musl" "13.1.2"
    "@next/swc-win32-arm64-msvc" "13.1.2"
    "@next/swc-win32-ia32-msvc" "13.1.2"
    "@next/swc-win32-x64-msvc" "13.1.2"

normalize-path@^3.0.0, normalize-path@~3.0.0:
  version "3.0.0"
  resolved "https://registry.npmjs.org/normalize-path/-/normalize-path-3.0.0.tgz"

picocolors@^1.0.0:
  version "1.0.0"
  resolved "https://registry.npmjs.org/picocolors/-/picocolors-1.0.0.tgz"

picomatch@^2.0.4, picomatch@^2.2.1:
  version "2.3.1"
  resolved "https://registry.npmjs.org/picomatch/-/picomatch-2.3.1.tgz"

postcss@8.4.14:
  version "8.4.14"
  resolved "https://registry.npmjs.org/postcss/-/postcss-8.4.14.tgz"
  dependencies:
    nanoid "^3.3.4"
    picocolors "^1.0.0"
    source-map-js "^1.0.2"

proxy-from-env@^1.1.0:
  version "1.1.0"
  resolved "https://registry.yarnpkg.com/proxy-from-env/-/proxy-from-env-1.1.0.tgz#e102f16ca355424865755d2c9e8ea4f24d58c3e2"

react-dom@18.2.0:
  version "18.2.0"
  resolved "https://registry.npmjs.org/react-dom/-/react-dom-18.2.0.tgz"
  dependencies:
    loose-envify "^1.1.0"
    scheduler "^0.23.0"

react@18.2.0:
  version "18.2.0"
  resolved "https://registry.npmjs.org/react/-/react-18.2.0.tgz"
  dependencies:
    loose-envify "^1.1.0"

readdirp@~3.6.0:
  version "3.6.0"
  resolved "https://registry.npmjs.org/readdirp/-/readdirp-3.6.0.tgz"
  dependencies:
    picomatch "^2.2.1"

sass@^1.57.1:
  version "1.57.1"
  resolved "https://registry.npmjs.org/sass/-/sass-1.57.1.tgz"
  dependencies:
    chokidar ">=3.0.0 <4.0.0"
    immutable "^4.0.0"
    source-map-js ">=0.6.2 <2.0.0"

scheduler@^0.23.0:
  version "0.23.0"
  resolved "https://registry.npmjs.org/scheduler/-/scheduler-0.23.0.tgz"
  dependencies:
    loose-envify "^1.1.0"

"source-map-js@>=0.6.2 <2.0.0", source-map-js@^1.0.2:
  version "1.0.2"
  resolved "https://registry.npmjs.org/source-map-js/-/source-map-js-1.0.2.tgz"

styled-jsx@5.1.1:
  version "5.1.1"
  resolved "https://registry.npmjs.org/styled-jsx/-/styled-jsx-5.1.1.tgz"
  dependencies:
    client-only "0.0.1"

to-regex-range@^5.0.1:
  version "5.0.1"
  resolved "https://registry.npmjs.org/to-regex-range/-/to-regex-range-5.0.1.tgz"
  dependencies:
    is-number "^7.0.0"

tslib@^2.4.0:
  version "2.4.1"
  resolved "https://registry.npmjs.org/tslib/-/tslib-2.4.1.tgz"

weaverjs@^1.2.0:
  version "1.2.0"
  resolved "https://registry.npmjs.org/weaverjs/-/weaverjs-1.2.0.tgz"

webcola@^3.4.0:
  version "3.4.0"
  resolved "https://registry.npmjs.org/webcola/-/webcola-3.4.0.tgz"
  dependencies:
    d3-dispatch "^1.0.3"
    d3-drag "^1.0.4"
    d3-shape "^1.3.5"
    d3-timer "^1.0.5"
