# THIS IS AN AUTOGENERATED FILE. DO NOT EDIT THIS FILE DIRECTLY.
# yarn lockfile v1


"@next/env@13.1.2":
  "integrity" "sha512-PpT4UZIX66VMTqXt4HKEJ+/PwbS+tWmmhZlazaws1a+dbUA5pPdjntQ46Jvj616i3ZKN9doS9LHx3y50RLjAWg=="
  "resolved" "https://registry.npmjs.org/@next/env/-/env-13.1.2.tgz"
  "version" "13.1.2"

"@next/font@13.1.2":
  "integrity" "sha512-NXGXGFGiOKEnvBIHq9cdFTKbHO2/4B3Zd9K27M7j1DioIQVar7oVRqZMYs0h3XMVEZLwjjkdAtqRPCzzd3RtXg=="
  "resolved" "https://registry.npmjs.org/@next/font/-/font-13.1.2.tgz"
  "version" "13.1.2"

"@next/swc-darwin-x64@13.1.2":
  "integrity" "sha512-JbDZjaTvL8gyPC5TAH6OnD4jmXPkyUxRYPvu08ZmhT/XAFBb/Cso0BdXyDax/BPCG70mimP9d3hXNKNq+A0VtQ=="
  "resolved" "https://registry.npmjs.org/@next/swc-darwin-x64/-/swc-darwin-x64-13.1.2.tgz"
  "version" "13.1.2"

"@swc/helpers@0.4.14":
  "integrity" "sha512-4C7nX/dvpzB7za4Ql9K81xK3HPxCpHMgwTZVyf+9JQ6VUbn9jjZVN7/Nkdz/Ugzs2CSjqnL/UPXroiVBVHUWUw=="
  "resolved" "https://registry.npmjs.org/@swc/helpers/-/helpers-0.4.14.tgz"
  "version" "0.4.14"
  dependencies:
    "tslib" "^2.4.0"

"anymatch@~3.1.2":
  "integrity" "sha512-KMReFUr0B4t+D+OBkjR3KYqvocp2XaSzO55UcB6mgQMd3KbcE+mWTyvVV7D/zsdEbNnV6acZUutkiHQXvTr1Rw=="
  "resolved" "https://registry.npmjs.org/anymatch/-/anymatch-3.1.3.tgz"
  "version" "3.1.3"
  dependencies:
    "normalize-path" "^3.0.0"
    "picomatch" "^2.0.4"

"avsdf-base@^1.0.0":
  "integrity" "sha512-APhZNUFJwIwrLsSfE95QjobEntdUhFQgfNtC/BrYmjUpwHh5Y2fbRv8lxAlMr1hdf/CuQYsqJxK3dRzcCL77qw=="
  "resolved" "https://registry.npmjs.org/avsdf-base/-/avsdf-base-1.0.0.tgz"
  "version" "1.0.0"
  dependencies:
    "layout-base" "^1.0.0"

"axios@^0.21.4":
  "integrity" "sha512-ut5vewkiu8jjGBdqpM44XxjuCjq9LAKeHVmoVfHVzy8eHgxxq8SbAVQNovDA8mVi05kP0Ea/n/UzcSHcTJQfNg=="
  "resolved" "https://registry.npmjs.org/axios/-/axios-0.21.4.tgz"
  "version" "0.21.4"
  dependencies:
    "follow-redirects" "^1.14.0"

"binary-extensions@^2.0.0":
  "integrity" "sha512-jDctJ/IVQbZoJykoeHbhXpOlNBqGNcwXJKJog42E5HDPUwQTSdjCHdihjj0DlnheQ7blbT6dHOafNAiS8ooQKA=="
  "resolved" "https://registry.npmjs.org/binary-extensions/-/binary-extensions-2.2.0.tgz"
  "version" "2.2.0"

"braces@~3.0.2":
  "integrity" "sha512-b8um+L1RzM3WDSzvhm6gIz1yfTbBt6YTlcEKAvsmqCZZFw46z626lVj9j1yEPW33H5H+lBQpZMP1k8l+78Ha0A=="
  "resolved" "https://registry.npmjs.org/braces/-/braces-3.0.2.tgz"
  "version" "3.0.2"
  dependencies:
    "fill-range" "^7.0.1"

"caniuse-lite@^1.0.30001406":
  "integrity" "sha512-8sdQIdMztYmzfTMO6KfLny878Ln9c2M0fc7EH60IjlP4Dc4PiCy7K2Vl3ITmWgOyPgVQKa5x+UP/KqFsxj4mBg=="
  "resolved" "https://registry.npmjs.org/caniuse-lite/-/caniuse-lite-1.0.30001445.tgz"
  "version" "1.0.30001445"

"chokidar@>=3.0.0 <4.0.0":
  "integrity" "sha512-Dr3sfKRP6oTcjf2JmUmFJfeVMvXBdegxB0iVQ5eb2V10uFJUCAS8OByZdVAyVb8xXNz3GjjTgj9kLWsZTqE6kw=="
  "resolved" "https://registry.npmjs.org/chokidar/-/chokidar-3.5.3.tgz"
  "version" "3.5.3"
  dependencies:
    "anymatch" "~3.1.2"
    "braces" "~3.0.2"
    "glob-parent" "~5.1.2"
    "is-binary-path" "~2.1.0"
    "is-glob" "~4.0.1"
    "normalize-path" "~3.0.0"
    "readdirp" "~3.6.0"
  optionalDependencies:
    "fsevents" "~2.3.2"

"client-only@0.0.1":
  "integrity" "sha512-IV3Ou0jSMzZrd3pZ48nLkT9DA7Ag1pnPzaiQhpW7c3RbcqqzvzzVu+L8gfqMp/8IM2MQtSiqaCxrrcfu8I8rMA=="
  "resolved" "https://registry.npmjs.org/client-only/-/client-only-0.0.1.tgz"
  "version" "0.0.1"

"cose-base@^1.0.0":
  "integrity" "sha512-s9whTXInMSgAp/NVXVNuVxVKzGH2qck3aQlVHxDCdAEPgtMKwc4Wq6/QKhgdEdgbLSi9rBTAcPoRa6JpiG4ksg=="
  "resolved" "https://registry.npmjs.org/cose-base/-/cose-base-1.0.3.tgz"
  "version" "1.0.3"
  dependencies:
    "layout-base" "^1.0.0"

"cytoscape-avsdf@^1.0.0":
  "integrity" "sha512-Wzd2wmJgr4dK5avHy4nKHp3D8TBZ8H/+5Hq5o24bRdVTvXlhSDzQhAMtzOuhRPYwHcWB+cBhEAXboAK8n7zPTQ=="
  "resolved" "https://registry.npmjs.org/cytoscape-avsdf/-/cytoscape-avsdf-1.0.0.tgz"
  "version" "1.0.0"
  dependencies:
    "avsdf-base" "^1.0.0"

"cytoscape-cise@^1.0.0":
  "integrity" "sha512-Y1NPaUo4fN992XJTEIDd4oPVkv8BsDSrFBHSB38caDu8PcmHUyl8/Q8K5wvqdTeti1mLR9IX4/o2RyuObh+P7Q=="
  "resolved" "https://registry.npmjs.org/cytoscape-cise/-/cytoscape-cise-1.0.0.tgz"
  "version" "1.0.0"
  dependencies:
    "avsdf-base" "^1.0.0"
    "cose-base" "^1.0.0"

"cytoscape-cola@^2.5.1":
  "integrity" "sha512-4/2S9bW1LvdsEPmxXN1OEAPFPbk7DvCx2c9d+TblkQAAvptGaSgtPWCByTEGgT8UxCxcVqes2aFPO5pzwo7R2w=="
  "resolved" "https://registry.npmjs.org/cytoscape-cola/-/cytoscape-cola-2.5.1.tgz"
  "version" "2.5.1"
  dependencies:
    "webcola" "^3.4.0"

"cytoscape-context-menus@^4.1.0":
  "integrity" "sha512-qbrdRfz8JQuZBZamhzmExPpJvUNR4VA3rcN4qChu4eVplWYU4n8N98A0ksrr2kfmUvCAL529N04KzwZd8xra7w=="
  "resolved" "https://registry.npmjs.org/cytoscape-context-menus/-/cytoscape-context-menus-4.1.0.tgz"
  "version" "4.1.0"

"cytoscape-cose-bilkent@^4.1.0":
  "integrity" "sha512-wgQlVIUJF13Quxiv5e1gstZ08rnZj2XaLHGoFMYXz7SkNfCDOOteKBE6SYRfA9WxxI/iBc3ajfDoc6hb/MRAHQ=="
  "resolved" "https://registry.npmjs.org/cytoscape-cose-bilkent/-/cytoscape-cose-bilkent-4.1.0.tgz"
  "version" "4.1.0"
  dependencies:
    "cose-base" "^1.0.0"

"cytoscape-dagre@^2.4.0":
  "integrity" "sha512-VG2Knemmshop4kh5fpLO27rYcyUaaDkRw+6PiX4bstpB+QFt0p2oauMrsjVbUamGWQ6YNavh7x2em2uZlzV44g=="
  "resolved" "https://registry.npmjs.org/cytoscape-dagre/-/cytoscape-dagre-2.5.0.tgz"
  "version" "2.5.0"
  dependencies:
    "dagre" "^0.8.5"

"cytoscape-expand-collapse@^4.1.0":
  "integrity" "sha512-RJsoSDAC0ui6U6CeM7z2tiFzsk4Z2aPG8PgNIwKeFVykFmMr5S+5aT1YceQZ5XnwGFGH0uteZ96XyAfUAVb/fw=="
  "resolved" "https://registry.npmjs.org/cytoscape-expand-collapse/-/cytoscape-expand-collapse-4.1.0.tgz"
  "version" "4.1.0"

"cytoscape-navigator@^2.0.2":
  "integrity" "sha512-TZFBLFWEMW858UOt4rzusOjtDj7YT5vNx2uCwpUuicUYbaWCHHcUROBZWO+hiuSPWpVhvGLFlOq3NBcAVYOAgw=="
  "resolved" "https://registry.npmjs.org/cytoscape-navigator/-/cytoscape-navigator-2.0.2.tgz"
  "version" "2.0.2"

"cytoscape-node-html-label@^1.2.2":
  "integrity" "sha512-oUVwrlsIlaJJ8QrQFSMdv3uXVXPg6tMH/Tfofr8JuZIovqI4fPqBi6sQgCMcVpS6k9Td0TTjowBsNRw32CESWg=="
  "resolved" "https://registry.npmjs.org/cytoscape-node-html-label/-/cytoscape-node-html-label-1.2.2.tgz"
  "version" "1.2.2"

"cytoscape-spread@^3.0.0":
  "integrity" "sha512-ekuo4ByFRTZ4TOJylE2bPOMcVVyi8rD+qjvEjMWS2BHcyan40pmhlA4ramz/nTxZR+EtlxEa1asnmfiN8R5HyQ=="
  "resolved" "https://registry.npmjs.org/cytoscape-spread/-/cytoscape-spread-3.0.0.tgz"
  "version" "3.0.0"
  dependencies:
    "weaverjs" "^1.2.0"

"cytoscape@^2.6.0 || ^3.0.0", "cytoscape@^2.7.0 || ^3.0.0", "cytoscape@^3.0.0", "cytoscape@^3.2.0", "cytoscape@^3.2.22", "cytoscape@^3.23.0", "cytoscape@^3.3.0":
  "integrity" "sha512-gRZqJj/1kiAVPkrVFvz/GccxsXhF3Qwpptl32gKKypO4IlqnKBjTOu+HbXtEggSGzC5KCaHp3/F7GgENrtsFkA=="
  "resolved" "https://registry.npmjs.org/cytoscape/-/cytoscape-3.23.0.tgz"
  "version" "3.23.0"
  dependencies:
    "heap" "^0.2.6"
    "lodash" "^4.17.21"

"d3-dispatch@^1.0.3", "d3-dispatch@1":
  "integrity" "sha512-fVjoElzjhCEy+Hbn8KygnmMS7Or0a9sI2UzGwoB7cCtvI1XpVN9GpoYlnb3xt2YV66oXYb1fLJ8GMvP4hdU1RA=="
  "resolved" "https://registry.npmjs.org/d3-dispatch/-/d3-dispatch-1.0.6.tgz"
  "version" "1.0.6"

"d3-drag@^1.0.4":
  "integrity" "sha512-rD1ohlkKQwMZYkQlYVCrSFxsWPzI97+W+PaEIBNTMxRuxz9RF0Hi5nJWHGVJ3Om9d2fRTe1yOBINJyy/ahV95w=="
  "resolved" "https://registry.npmjs.org/d3-drag/-/d3-drag-1.2.5.tgz"
  "version" "1.2.5"
  dependencies:
    "d3-dispatch" "1"
    "d3-selection" "1"

"d3-path@1":
  "integrity" "sha512-VLaYcn81dtHVTjEHd8B+pbe9yHWpXKZUC87PzoFmsFrJqgFwDe/qxfp5MlfsfM1V5E/iVt0MmEbWQ7FVIXh/bg=="
  "resolved" "https://registry.npmjs.org/d3-path/-/d3-path-1.0.9.tgz"
  "version" "1.0.9"

"d3-selection@1":
  "integrity" "sha512-SJ0BqYihzOjDnnlfyeHT0e30k0K1+5sR3d5fNueCNeuhZTnGw4M4o8mqJchSwgKMXCNFo+e2VTChiSJ0vYtXkg=="
  "resolved" "https://registry.npmjs.org/d3-selection/-/d3-selection-1.4.2.tgz"
  "version" "1.4.2"

"d3-shape@^1.3.5":
  "integrity" "sha512-EUkvKjqPFUAZyOlhY5gzCxCeI0Aep04LwIRpsZ/mLFelJiUfnK56jo5JMDSE7yyP2kLSb6LtF+S5chMk7uqPqw=="
  "resolved" "https://registry.npmjs.org/d3-shape/-/d3-shape-1.3.7.tgz"
  "version" "1.3.7"
  dependencies:
    "d3-path" "1"

"d3-timer@^1.0.5":
  "integrity" "sha512-B1JDm0XDaQC+uvo4DT79H0XmBskgS3l6Ve+1SBCfxgmtIb1AVrPIoqd+nPSv+loMX8szQ0sVUhGngL7D5QPiXw=="
  "resolved" "https://registry.npmjs.org/d3-timer/-/d3-timer-1.0.10.tgz"
  "version" "1.0.10"

"dagre@^0.8.5":
  "integrity" "sha512-/aTqmnRta7x7MCCpExk7HQL2O4owCT2h8NT//9I1OQ9vt29Pa0BzSAkR5lwFUcQ7491yVi/3CXU9jQ5o0Mn2Sw=="
  "resolved" "https://registry.npmjs.org/dagre/-/dagre-0.8.5.tgz"
  "version" "0.8.5"
  dependencies:
    "graphlib" "^2.1.8"
    "lodash" "^4.17.15"

"fill-range@^7.0.1":
  "integrity" "sha512-qOo9F+dMUmC2Lcb4BbVvnKJxTPjCm+RRpe4gDuGrzkL7mEVl/djYSu2OdQ2Pa302N4oqkSg9ir6jaLWJ2USVpQ=="
  "resolved" "https://registry.npmjs.org/fill-range/-/fill-range-7.0.1.tgz"
  "version" "7.0.1"
  dependencies:
    "to-regex-range" "^5.0.1"

"follow-redirects@^1.14.0":
  "integrity" "sha512-VQLG33o04KaQ8uYi2tVNbdrWp1QWxNNea+nmIB4EVM28v0hmP17z7aG1+wAkNzVq4KeXTq3221ye5qTJP91JwA=="
  "resolved" "https://registry.npmjs.org/follow-redirects/-/follow-redirects-1.15.2.tgz"
  "version" "1.15.2"

"fsevents@~2.3.2":
  "integrity" "sha512-xiqMQR4xAeHTuB9uWm+fFRcIOgKBMiOBP+eXiyT7jsgVCq1bkVygt00oASowB7EdtpOHaaPgKt812P9ab+DDKA=="
  "resolved" "https://registry.npmjs.org/fsevents/-/fsevents-2.3.2.tgz"
  "version" "2.3.2"

"glob-parent@~5.1.2":
  "integrity" "sha512-AOIgSQCepiJYwP3ARnGx+5VnTu2HBYdzbGP45eLw1vr3zB3vZLeyed1sC9hnbcOc9/SrMyM5RPQrkGz4aS9Zow=="
  "resolved" "https://registry.npmjs.org/glob-parent/-/glob-parent-5.1.2.tgz"
  "version" "5.1.2"
  dependencies:
    "is-glob" "^4.0.1"

"graphlib@^2.1.8":
  "integrity" "sha512-jcLLfkpoVGmH7/InMC/1hIvOPSUh38oJtGhvrOFGzioE1DZ+0YW16RgmOJhHiuWTvGiJQ9Z1Ik43JvkRPRvE+A=="
  "resolved" "https://registry.npmjs.org/graphlib/-/graphlib-2.1.8.tgz"
  "version" "2.1.8"
  dependencies:
    "lodash" "^4.17.15"

"heap@^0.2.6":
  "integrity" "sha512-2bsegYkkHO+h/9MGbn6KWcE45cHZgPANo5LXF7EvWdT0yT2EguSVO1nDgU5c8+ZOPwp2vMNa7YFsJhVcDR9Sdg=="
  "resolved" "https://registry.npmjs.org/heap/-/heap-0.2.7.tgz"
  "version" "0.2.7"

"immutable@^4.0.0":
  "integrity" "sha512-fTMKDwtbvO5tldky9QZ2fMX7slR0mYpY5nbnFWYp0fOzDhHqhgIw9KoYgxLWsoNTS9ZHGauHj18DTyEw6BK3Og=="
  "resolved" "https://registry.npmjs.org/immutable/-/immutable-4.2.2.tgz"
  "version" "4.2.2"

"is-binary-path@~2.1.0":
  "integrity" "sha512-ZMERYes6pDydyuGidse7OsHxtbI7WVeUEozgR/g7rd0xUimYNlvZRE/K2MgZTjWy725IfelLeVcEM97mmtRGXw=="
  "resolved" "https://registry.npmjs.org/is-binary-path/-/is-binary-path-2.1.0.tgz"
  "version" "2.1.0"
  dependencies:
    "binary-extensions" "^2.0.0"

"is-extglob@^2.1.1":
  "integrity" "sha512-SbKbANkN603Vi4jEZv49LeVJMn4yGwsbzZworEoyEiutsN3nJYdbO36zfhGJ6QEDpOZIFkDtnq5JRxmvl3jsoQ=="
  "resolved" "https://registry.npmjs.org/is-extglob/-/is-extglob-2.1.1.tgz"
  "version" "2.1.1"

"is-glob@^4.0.1", "is-glob@~4.0.1":
  "integrity" "sha512-xelSayHH36ZgE7ZWhli7pW34hNbNl8Ojv5KVmkJD4hBdD3th8Tfk9vYasLM+mXWOZhFkgZfxhLSnrwRr4elSSg=="
  "resolved" "https://registry.npmjs.org/is-glob/-/is-glob-4.0.3.tgz"
  "version" "4.0.3"
  dependencies:
    "is-extglob" "^2.1.1"

"is-number@^7.0.0":
  "integrity" "sha512-41Cifkg6e8TylSpdtTpeLVMqvSBEVzTttHvERD741+pnZ8ANv0004MRL43QKPDlK9cGvNp6NZWZUBlbGXYxxng=="
  "resolved" "https://registry.npmjs.org/is-number/-/is-number-7.0.0.tgz"
  "version" "7.0.0"

"js-tokens@^3.0.0 || ^4.0.0":
  "integrity" "sha512-RdJUflcE3cUzKiMqQgsCu06FPu9UdIJO0beYbPhHN4k6apgJtifcoCtT9bcxOpYBtpD2kCM6Sbzg4CausW/PKQ=="
  "resolved" "https://registry.npmjs.org/js-tokens/-/js-tokens-4.0.0.tgz"
  "version" "4.0.0"

"layout-base@^1.0.0":
  "integrity" "sha512-8h2oVEZNktL4BH2JCOI90iD1yXwL6iNW7KcCKT2QZgQJR2vbqDsldCTPRU9NifTCqHZci57XvQQ15YTu+sTYPg=="
  "resolved" "https://registry.npmjs.org/layout-base/-/layout-base-1.0.2.tgz"
  "version" "1.0.2"

"lodash@^4.17.15", "lodash@^4.17.21":
  "integrity" "sha512-v2kDEe57lecTulaDIuNTPy3Ry4gLGJ6Z1O3vE1krgXZNrsQ+LFTGHVxVjcXPs17LhbZVGedAJv8XZ1tvj5FvSg=="
  "resolved" "https://registry.npmjs.org/lodash/-/lodash-4.17.21.tgz"
  "version" "4.17.21"

"loose-envify@^1.1.0":
  "integrity" "sha512-lyuxPGr/Wfhrlem2CL/UcnUc1zcqKAImBDzukY7Y5F/yQiNdko6+fRLevlw1HgMySw7f611UIY408EtxRSoK3Q=="
  "resolved" "https://registry.npmjs.org/loose-envify/-/loose-envify-1.4.0.tgz"
  "version" "1.4.0"
  dependencies:
    "js-tokens" "^3.0.0 || ^4.0.0"

"nanoid@^3.3.4":
  "integrity" "sha512-MqBkQh/OHTS2egovRtLk45wEyNXwF+cokD+1YPf9u5VfJiRdAiRwB2froX5Co9Rh20xs4siNPm8naNotSD6RBw=="
  "resolved" "https://registry.npmjs.org/nanoid/-/nanoid-3.3.4.tgz"
  "version" "3.3.4"

"next@13.1.2":
  "integrity" "sha512-Rdnnb2YH///w78FEOR/IQ6TXga+qpth4OqFSem48ng1PYYKr6XBsIk1XVaRcIGM3o6iiHnun0nJvkJHDf+ICyQ=="
  "resolved" "https://registry.npmjs.org/next/-/next-13.1.2.tgz"
  "version" "13.1.2"
  dependencies:
    "@next/env" "13.1.2"
    "@swc/helpers" "0.4.14"
    "caniuse-lite" "^1.0.30001406"
    "postcss" "8.4.14"
    "styled-jsx" "5.1.1"
  optionalDependencies:
    "@next/swc-android-arm-eabi" "13.1.2"
    "@next/swc-android-arm64" "13.1.2"
    "@next/swc-darwin-arm64" "13.1.2"
    "@next/swc-darwin-x64" "13.1.2"
    "@next/swc-freebsd-x64" "13.1.2"
    "@next/swc-linux-arm-gnueabihf" "13.1.2"
    "@next/swc-linux-arm64-gnu" "13.1.2"
    "@next/swc-linux-arm64-musl" "13.1.2"
    "@next/swc-linux-x64-gnu" "13.1.2"
    "@next/swc-linux-x64-musl" "13.1.2"
    "@next/swc-win32-arm64-msvc" "13.1.2"
    "@next/swc-win32-ia32-msvc" "13.1.2"
    "@next/swc-win32-x64-msvc" "13.1.2"

"normalize-path@^3.0.0", "normalize-path@~3.0.0":
  "integrity" "sha512-6eZs5Ls3WtCisHWp9S2GUy8dqkpGi4BVSz3GaqiE6ezub0512ESztXUwUB6C6IKbQkY2Pnb/mD4WYojCRwcwLA=="
  "resolved" "https://registry.npmjs.org/normalize-path/-/normalize-path-3.0.0.tgz"
  "version" "3.0.0"

"picocolors@^1.0.0":
  "integrity" "sha512-1fygroTLlHu66zi26VoTDv8yRgm0Fccecssto+MhsZ0D/DGW2sm8E8AjW7NU5VVTRt5GxbeZ5qBuJr+HyLYkjQ=="
  "resolved" "https://registry.npmjs.org/picocolors/-/picocolors-1.0.0.tgz"
  "version" "1.0.0"

"picomatch@^2.0.4", "picomatch@^2.2.1":
  "integrity" "sha512-JU3teHTNjmE2VCGFzuY8EXzCDVwEqB2a8fsIvwaStHhAWJEeVd1o1QD80CU6+ZdEXXSLbSsuLwJjkCBWqRQUVA=="
  "resolved" "https://registry.npmjs.org/picomatch/-/picomatch-2.3.1.tgz"
  "version" "2.3.1"

"postcss@8.4.14":
  "integrity" "sha512-E398TUmfAYFPBSdzgeieK2Y1+1cpdxJx8yXbK/m57nRhKSmk1GB2tO4lbLBtlkfPQTDKfe4Xqv1ASWPpayPEig=="
  "resolved" "https://registry.npmjs.org/postcss/-/postcss-8.4.14.tgz"
  "version" "8.4.14"
  dependencies:
    "nanoid" "^3.3.4"
    "picocolors" "^1.0.0"
    "source-map-js" "^1.0.2"

"react-dom@^18.2.0", "react-dom@18.2.0":
  "integrity" "sha512-6IMTriUmvsjHUjNtEDudZfuDQUoWXVxKHhlEGSk81n4YFS+r/Kl99wXiwlVXtPBtJenozv2P+hxDsw9eA7Xo6g=="
  "resolved" "https://registry.npmjs.org/react-dom/-/react-dom-18.2.0.tgz"
  "version" "18.2.0"
  dependencies:
    "loose-envify" "^1.1.0"
    "scheduler" "^0.23.0"

"react@^18.2.0", "react@>= 16.8.0 || 17.x.x || ^18.0.0-0", "react@18.2.0":
  "integrity" "sha512-/3IjMdb2L9QbBdWiW5e3P2/npwMBaU9mHCSCUzNln0ZCYbcfTsGbTJrU/kGemdH2IWmB2ioZ+zkxtmq6g09fGQ=="
  "resolved" "https://registry.npmjs.org/react/-/react-18.2.0.tgz"
  "version" "18.2.0"
  dependencies:
    "loose-envify" "^1.1.0"

"readdirp@~3.6.0":
  "integrity" "sha512-hOS089on8RduqdbhvQ5Z37A0ESjsqz6qnRcffsMU3495FuTdqSm+7bhJ29JvIOsBDEEnan5DPu9t3To9VRlMzA=="
  "resolved" "https://registry.npmjs.org/readdirp/-/readdirp-3.6.0.tgz"
  "version" "3.6.0"
  dependencies:
    "picomatch" "^2.2.1"

"sass@^1.3.0", "sass@^1.57.1":
  "integrity" "sha512-O2+LwLS79op7GI0xZ8fqzF7X2m/m8WFfI02dHOdsK5R2ECeS5F62zrwg/relM1rjSLy7Vd/DiMNIvPrQGsA0jw=="
  "resolved" "https://registry.npmjs.org/sass/-/sass-1.57.1.tgz"
  "version" "1.57.1"
  dependencies:
    "chokidar" ">=3.0.0 <4.0.0"
    "immutable" "^4.0.0"
    "source-map-js" ">=0.6.2 <2.0.0"

"scheduler@^0.23.0":
  "integrity" "sha512-CtuThmgHNg7zIZWAXi3AsyIzA3n4xx7aNyjwC2VJldO2LMVDhFK+63xGqq6CsJH4rTAt6/M+N4GhZiDYPx9eUw=="
  "resolved" "https://registry.npmjs.org/scheduler/-/scheduler-0.23.0.tgz"
  "version" "0.23.0"
  dependencies:
    "loose-envify" "^1.1.0"

"source-map-js@^1.0.2", "source-map-js@>=0.6.2 <2.0.0":
  "integrity" "sha512-R0XvVJ9WusLiqTCEiGCmICCMplcCkIwwR11mOSD9CR5u+IXYdiseeEuXCVAjS54zqwkLcPNnmU4OeJ6tUrWhDw=="
  "resolved" "https://registry.npmjs.org/source-map-js/-/source-map-js-1.0.2.tgz"
  "version" "1.0.2"

"styled-jsx@5.1.1":
  "integrity" "sha512-pW7uC1l4mBZ8ugbiZrcIsiIvVx1UmTfw7UkC3Um2tmfUq9Bhk8IiyEIPl6F8agHgjzku6j0xQEZbfA5uSgSaCw=="
  "resolved" "https://registry.npmjs.org/styled-jsx/-/styled-jsx-5.1.1.tgz"
  "version" "5.1.1"
  dependencies:
    "client-only" "0.0.1"

"to-regex-range@^5.0.1":
  "integrity" "sha512-65P7iz6X5yEr1cwcgvQxbbIw7Uk3gOy5dIdtZ4rDveLqhrdJP+Li/Hx6tyK0NEb+2GCyneCMJiGqrADCSNk8sQ=="
  "resolved" "https://registry.npmjs.org/to-regex-range/-/to-regex-range-5.0.1.tgz"
  "version" "5.0.1"
  dependencies:
    "is-number" "^7.0.0"

"tslib@^2.4.0":
  "integrity" "sha512-tGyy4dAjRIEwI7BzsB0lynWgOpfqjUdq91XXAlIWD2OwKBH7oCl/GZG/HT4BOHrTlPMOASlMQ7veyTqpmRcrNA=="
  "resolved" "https://registry.npmjs.org/tslib/-/tslib-2.4.1.tgz"
  "version" "2.4.1"

"weaverjs@^1.2.0":
  "integrity" "sha512-X+nDGl5mrc8ysArmafu6dD3GNFP2r+NdV6L/PiWac8TpH4BVODO/HMaPLhrXmOZhdI3XM0LVxW5ZrAbwKqkkmw=="
  "resolved" "https://registry.npmjs.org/weaverjs/-/weaverjs-1.2.0.tgz"
  "version" "1.2.0"

"webcola@^3.4.0":
  "integrity" "sha512-4BiLXjXw3SJHo3Xd+rF+7fyClT6n7I+AR6TkBqyQ4kTsePSAMDLRCXY1f3B/kXJeP9tYn4G1TblxTO+jAt0gaw=="
  "resolved" "https://registry.npmjs.org/webcola/-/webcola-3.4.0.tgz"
  "version" "3.4.0"
  dependencies:
    "d3-dispatch" "^1.0.3"
    "d3-drag" "^1.0.4"
    "d3-shape" "^1.3.5"
    "d3-timer" "^1.0.5"
